<?xml version="1.0" encoding="UTF-8"?>
<CodeBlocks_project_file>
	<FileVersion major="1" minor="6"/>
	<Project>
		<Option title="ws_client"/>
		<Option makefile_is_custom="1"/>
		<Option compiler="gcc"/>
		<Option virtualFolders="CMake Files\;CMake Files\arcirk\;CMake Files\..\;CMake Files\..\..\;CMake Files\..\..\..\;CMake Files\..\..\..\..\;CMake Files\..\..\..\..\usr\;CMake Files\..\..\..\..\usr\local\;CMake Files\..\..\..\..\usr\local\lib\;CMake Files\..\..\..\..\usr\local\lib\cmake\;CMake Files\..\..\..\..\usr\local\lib\cmake\Boost-1.77.0\;CMake Files\..\..\..\..\usr\local\lib\cmake\boost_headers-1.77.0\;CMake Files\..\..\..\..\usr\local\lib\cmake\boost_regex-1.77.0\;CMake Files\..\..\..\..\usr\local\lib\cmake\boost_thread-1.77.0\;CMake Files\..\..\Qt\;CMake Files\..\..\Qt\6.2.1\;CMake Files\..\..\Qt\6.2.1\gcc_64\;CMake Files\..\..\Qt\6.2.1\gcc_64\lib\;CMake Files\..\..\Qt\6.2.1\gcc_64\lib\cmake\;CMake Files\..\..\Qt\6.2.1\gcc_64\lib\cmake\Qt6\;CMake Files\..\..\Qt\6.2.1\gcc_64\lib\cmake\Qt6\3rdparty\;CMake Files\..\..\Qt\6.2.1\gcc_64\lib\cmake\Qt6\3rdparty\kwin\;CMake Files\..\..\Qt\6.2.1\gcc_64\lib\cmake\Qt6Core\;CMake Files\..\..\Qt\6.2.1\gcc_64\lib\cmake\Qt6CoreTools\;CMake Files\..\..\Qt\6.2.1\gcc_64\lib\cmake\Qt6Gui\;CMake Files\..\..\Qt\6.2.1\gcc_64\lib\cmake\Qt6GuiTools\;CMake Files\..\..\Qt\6.2.1\gcc_64\lib\cmake\Qt6Widgets\;CMake Files\..\..\Qt\6.2.1\gcc_64\lib\cmake\Qt6WidgetsTools\;CMake Files\..\..\Qt\6.2.1\gcc_64\lib\cmake\Qt6QuickWidgets\;CMake Files\..\..\Qt\6.2.1\gcc_64\lib\cmake\Qt6Qml\;CMake Files\..\..\Qt\6.2.1\gcc_64\lib\cmake\Qt6QmlTools\;CMake Files\..\..\Qt\6.2.1\gcc_64\lib\cmake\Qt6Network\;CMake Files\..\..\Qt\6.2.1\gcc_64\lib\cmake\Qt6Quick\;CMake Files\..\..\Qt\6.2.1\gcc_64\lib\cmake\Qt6QmlModels\;CMake Files\..\..\Qt\6.2.1\gcc_64\lib\cmake\Qt6OpenGL\;CMake Files\..\..\Qt\6.2.1\gcc_64\lib\cmake\Qt6QuickControls2\;CMake Files\tests\;CMake Files\tests\TabBox\;CMake Files\tests\TabBox\TabBox\;CMake Files\tests\ws_chat_qt\;CMake Files\tests\ws_chat_qt\ws_chat_qt\;CMake Files\tests\material\;CMake Files\tests\material\untitled\;CMake Files\ws_admin_qt\;CMake Files\ws_admin_qt\ws_admin_qt\;CMake Files\ws_client\;CMake Files\ws_client_console\;CMake Files\ws_drv\;CMake Files\ws_client_qml\;CMake Files\ws_client_qml\ws_gclient\;CMake Files\ws_server\;CMake Files\ws_systray\;"/>
		<Build>
			<Target title="all">
				<Option working_dir="/home/arcady/GitHub/ws_solution/ws_client/cmake-build-debug"/>
				<Option type="4"/>
				<MakeCommands>
					<Build command="/usr/bin/gmake -j16 -f &quot;/home/arcady/GitHub/ws_solution/ws_client/cmake-build-debug/Makefile&quot;  VERBOSE=1 all"/>
					<CompileFile command="/usr/bin/gmake -j16 -f &quot;/home/arcady/GitHub/ws_solution/ws_client/cmake-build-debug/Makefile&quot;  VERBOSE=1 &quot;$file&quot;"/>
					<Clean command="/usr/bin/gmake -j16 -f &quot;/home/arcady/GitHub/ws_solution/ws_client/cmake-build-debug/Makefile&quot;  VERBOSE=1 clean"/>
					<DistClean command="/usr/bin/gmake -j16 -f &quot;/home/arcady/GitHub/ws_solution/ws_client/cmake-build-debug/Makefile&quot;  VERBOSE=1 clean"/>
				</MakeCommands>
			</Target>
			<Target title="ws_client">
				<Option output="/home/arcady/GitHub/ws_solution/ws_client/cmake-build-debug/libws_client.so" prefix_auto="0" extension_auto="0"/>
				<Option working_dir="/home/arcady/GitHub/ws_solution/ws_client/cmake-build-debug"/>
				<Option object_output="./"/>
				<Option type="3"/>
				<Option compiler="gcc"/>
				<Compiler>
					<Add option="-DBOOST_ALL_NO_LIB"/>
					<Add option="-DBOOST_REGEX_DYN_LINK"/>
					<Add option="-DBOOST_THREAD_DYN_LINK"/>
					<Add directory="/home/arcady/GitHub/ws_solution/ws_client/../arcirk/include"/>
					<Add directory="/usr/include/c++/10"/>
					<Add directory="/usr/include/x86_64-linux-gnu/c++/10"/>
					<Add directory="/usr/include/c++/10/backward"/>
					<Add directory="/usr/lib/gcc/x86_64-linux-gnu/10/include"/>
					<Add directory="/usr/local/include"/>
					<Add directory="/usr/include/x86_64-linux-gnu"/>
					<Add directory="/usr/include"/>
				</Compiler>
				<MakeCommands>
					<Build command="/usr/bin/gmake -j16 -f &quot;/home/arcady/GitHub/ws_solution/ws_client/cmake-build-debug/Makefile&quot;  VERBOSE=1 ws_client"/>
					<CompileFile command="/usr/bin/gmake -j16 -f &quot;/home/arcady/GitHub/ws_solution/ws_client/cmake-build-debug/Makefile&quot;  VERBOSE=1 &quot;$file&quot;"/>
					<Clean command="/usr/bin/gmake -j16 -f &quot;/home/arcady/GitHub/ws_solution/ws_client/cmake-build-debug/Makefile&quot;  VERBOSE=1 clean"/>
					<DistClean command="/usr/bin/gmake -j16 -f &quot;/home/arcady/GitHub/ws_solution/ws_client/cmake-build-debug/Makefile&quot;  VERBOSE=1 clean"/>
				</MakeCommands>
			</Target>
			<Target title="ws_client/fast">
				<Option output="/home/arcady/GitHub/ws_solution/ws_client/cmake-build-debug/libws_client.so" prefix_auto="0" extension_auto="0"/>
				<Option working_dir="/home/arcady/GitHub/ws_solution/ws_client/cmake-build-debug"/>
				<Option object_output="./"/>
				<Option type="3"/>
				<Option compiler="gcc"/>
				<Compiler>
					<Add option="-DBOOST_ALL_NO_LIB"/>
					<Add option="-DBOOST_REGEX_DYN_LINK"/>
					<Add option="-DBOOST_THREAD_DYN_LINK"/>
					<Add directory="/home/arcady/GitHub/ws_solution/ws_client/../arcirk/include"/>
					<Add directory="/usr/include/c++/10"/>
					<Add directory="/usr/include/x86_64-linux-gnu/c++/10"/>
					<Add directory="/usr/include/c++/10/backward"/>
					<Add directory="/usr/lib/gcc/x86_64-linux-gnu/10/include"/>
					<Add directory="/usr/local/include"/>
					<Add directory="/usr/include/x86_64-linux-gnu"/>
					<Add directory="/usr/include"/>
				</Compiler>
				<MakeCommands>
					<Build command="/usr/bin/gmake -j16 -f &quot;/home/arcady/GitHub/ws_solution/ws_client/cmake-build-debug/Makefile&quot;  VERBOSE=1 ws_client/fast"/>
					<CompileFile command="/usr/bin/gmake -j16 -f &quot;/home/arcady/GitHub/ws_solution/ws_client/cmake-build-debug/Makefile&quot;  VERBOSE=1 &quot;$file&quot;"/>
					<Clean command="/usr/bin/gmake -j16 -f &quot;/home/arcady/GitHub/ws_solution/ws_client/cmake-build-debug/Makefile&quot;  VERBOSE=1 clean"/>
					<DistClean command="/usr/bin/gmake -j16 -f &quot;/home/arcady/GitHub/ws_solution/ws_client/cmake-build-debug/Makefile&quot;  VERBOSE=1 clean"/>
				</MakeCommands>
			</Target>
		</Build>
		<Unit filename="/home/arcady/GitHub/ws_solution/arcirk/src/arcirk.cpp">
			<Option target="ws_client"/>
		</Unit>
		<Unit filename="/home/arcady/GitHub/ws_solution/arcirk/src/arcirk_ip.cpp">
			<Option target="ws_client"/>
		</Unit>
		<Unit filename="/home/arcady/GitHub/ws_solution/arcirk/src/arcirk_json.cpp">
			<Option target="ws_client"/>
		</Unit>
		<Unit filename="/home/arcady/GitHub/ws_solution/arcirk/src/arcirk_message.cpp">
			<Option target="ws_client"/>
		</Unit>
		<Unit filename="/home/arcady/GitHub/ws_solution/arcirk/src/arcirk_static.cpp">
			<Option target="ws_client"/>
		</Unit>
		<Unit filename="/home/arcady/GitHub/ws_solution/ws_client/include/beast.h">
			<Option target="ws_client"/>
		</Unit>
		<Unit filename="/home/arcady/GitHub/ws_solution/ws_client/include/iws_client.h">
			<Option target="ws_client"/>
		</Unit>
		<Unit filename="/home/arcady/GitHub/ws_solution/ws_client/include/net.h">
			<Option target="ws_client"/>
		</Unit>
		<Unit filename="/home/arcady/GitHub/ws_solution/ws_client/include/ws_client.h">
			<Option target="ws_client"/>
		</Unit>
		<Unit filename="/home/arcady/GitHub/ws_solution/ws_client/include/ws_session.h">
			<Option target="ws_client"/>
		</Unit>
		<Unit filename="/home/arcady/GitHub/ws_solution/ws_client/src/iws_client.cpp">
			<Option target="ws_client"/>
		</Unit>
		<Unit filename="/home/arcady/GitHub/ws_solution/ws_client/src/ws_client.cpp">
			<Option target="ws_client"/>
		</Unit>
		<Unit filename="/home/arcady/GitHub/ws_solution/ws_client/src/ws_session.cpp">
			<Option target="ws_client"/>
		</Unit>
		<Unit filename="/home/arcady/GitHub/ws_solution/CMakeLists.txt">
			<Option virtualFolder="CMake Files\"/>
		</Unit>
		<Unit filename="/home/arcady/GitHub/ws_solution/arcirk/CMakeLists.txt">
			<Option virtualFolder="CMake Files\arcirk\"/>
		</Unit>
		<Unit filename="/home/arcady/GitHub/ws_solution/../../../../usr/local/lib/cmake/BoostDetectToolset-1.77.0.cmake">
			<Option virtualFolder="CMake Files\..\..\..\..\usr\local\lib\cmake\"/>
		</Unit>
		<Unit filename="/home/arcady/GitHub/ws_solution/../../../../usr/local/lib/cmake/Boost-1.77.0/BoostConfig.cmake">
			<Option virtualFolder="CMake Files\..\..\..\..\usr\local\lib\cmake\Boost-1.77.0\"/>
		</Unit>
		<Unit filename="/home/arcady/GitHub/ws_solution/../../../../usr/local/lib/cmake/Boost-1.77.0/BoostConfigVersion.cmake">
			<Option virtualFolder="CMake Files\..\..\..\..\usr\local\lib\cmake\Boost-1.77.0\"/>
		</Unit>
		<Unit filename="/home/arcady/GitHub/ws_solution/../../../../usr/local/lib/cmake/boost_headers-1.77.0/boost_headers-config-version.cmake">
			<Option virtualFolder="CMake Files\..\..\..\..\usr\local\lib\cmake\boost_headers-1.77.0\"/>
		</Unit>
		<Unit filename="/home/arcady/GitHub/ws_solution/../../../../usr/local/lib/cmake/boost_headers-1.77.0/boost_headers-config.cmake">
			<Option virtualFolder="CMake Files\..\..\..\..\usr\local\lib\cmake\boost_headers-1.77.0\"/>
		</Unit>
		<Unit filename="/home/arcady/GitHub/ws_solution/../../../../usr/local/lib/cmake/boost_regex-1.77.0/boost_regex-config-version.cmake">
			<Option virtualFolder="CMake Files\..\..\..\..\usr\local\lib\cmake\boost_regex-1.77.0\"/>
		</Unit>
		<Unit filename="/home/arcady/GitHub/ws_solution/../../../../usr/local/lib/cmake/boost_regex-1.77.0/boost_regex-config.cmake">
			<Option virtualFolder="CMake Files\..\..\..\..\usr\local\lib\cmake\boost_regex-1.77.0\"/>
		</Unit>
		<Unit filename="/home/arcady/GitHub/ws_solution/../../../../usr/local/lib/cmake/boost_regex-1.77.0/libboost_regex-variant-shared.cmake">
			<Option virtualFolder="CMake Files\..\..\..\..\usr\local\lib\cmake\boost_regex-1.77.0\"/>
		</Unit>
		<Unit filename="/home/arcady/GitHub/ws_solution/../../../../usr/local/lib/cmake/boost_regex-1.77.0/libboost_regex-variant-static.cmake">
			<Option virtualFolder="CMake Files\..\..\..\..\usr\local\lib\cmake\boost_regex-1.77.0\"/>
		</Unit>
		<Unit filename="/home/arcady/GitHub/ws_solution/../../../../usr/local/lib/cmake/boost_thread-1.77.0/boost_thread-config-version.cmake">
			<Option virtualFolder="CMake Files\..\..\..\..\usr\local\lib\cmake\boost_thread-1.77.0\"/>
		</Unit>
		<Unit filename="/home/arcady/GitHub/ws_solution/../../../../usr/local/lib/cmake/boost_thread-1.77.0/boost_thread-config.cmake">
			<Option virtualFolder="CMake Files\..\..\..\..\usr\local\lib\cmake\boost_thread-1.77.0\"/>
		</Unit>
		<Unit filename="/home/arcady/GitHub/ws_solution/../../../../usr/local/lib/cmake/boost_thread-1.77.0/libboost_thread-variant-shared.cmake">
			<Option virtualFolder="CMake Files\..\..\..\..\usr\local\lib\cmake\boost_thread-1.77.0\"/>
		</Unit>
		<Unit filename="/home/arcady/GitHub/ws_solution/../../../../usr/local/lib/cmake/boost_thread-1.77.0/libboost_thread-variant-static.cmake">
			<Option virtualFolder="CMake Files\..\..\..\..\usr\local\lib\cmake\boost_thread-1.77.0\"/>
		</Unit>
		<Unit filename="/home/arcady/GitHub/ws_solution/../../Qt/6.2.1/gcc_64/lib/cmake/Qt6/FindWrapAtomic.cmake">
			<Option virtualFolder="CMake Files\..\..\Qt\6.2.1\gcc_64\lib\cmake\Qt6\"/>
		</Unit>
		<Unit filename="/home/arcady/GitHub/ws_solution/../../Qt/6.2.1/gcc_64/lib/cmake/Qt6/FindWrapOpenGL.cmake">
			<Option virtualFolder="CMake Files\..\..\Qt\6.2.1\gcc_64\lib\cmake\Qt6\"/>
		</Unit>
		<Unit filename="/home/arcady/GitHub/ws_solution/../../Qt/6.2.1/gcc_64/lib/cmake/Qt6/FindWrapOpenSSLHeaders.cmake">
			<Option virtualFolder="CMake Files\..\..\Qt\6.2.1\gcc_64\lib\cmake\Qt6\"/>
		</Unit>
		<Unit filename="/home/arcady/GitHub/ws_solution/../../Qt/6.2.1/gcc_64/lib/cmake/Qt6/FindWrapVulkanHeaders.cmake">
			<Option virtualFolder="CMake Files\..\..\Qt\6.2.1\gcc_64\lib\cmake\Qt6\"/>
		</Unit>
		<Unit filename="/home/arcady/GitHub/ws_solution/../../Qt/6.2.1/gcc_64/lib/cmake/Qt6/Qt6Config.cmake">
			<Option virtualFolder="CMake Files\..\..\Qt\6.2.1\gcc_64\lib\cmake\Qt6\"/>
		</Unit>
		<Unit filename="/home/arcady/GitHub/ws_solution/../../Qt/6.2.1/gcc_64/lib/cmake/Qt6/Qt6ConfigExtras.cmake">
			<Option virtualFolder="CMake Files\..\..\Qt\6.2.1\gcc_64\lib\cmake\Qt6\"/>
		</Unit>
		<Unit filename="/home/arcady/GitHub/ws_solution/../../Qt/6.2.1/gcc_64/lib/cmake/Qt6/Qt6ConfigVersion.cmake">
			<Option virtualFolder="CMake Files\..\..\Qt\6.2.1\gcc_64\lib\cmake\Qt6\"/>
		</Unit>
		<Unit filename="/home/arcady/GitHub/ws_solution/../../Qt/6.2.1/gcc_64/lib/cmake/Qt6/Qt6Dependencies.cmake">
			<Option virtualFolder="CMake Files\..\..\Qt\6.2.1\gcc_64\lib\cmake\Qt6\"/>
		</Unit>
		<Unit filename="/home/arcady/GitHub/ws_solution/../../Qt/6.2.1/gcc_64/lib/cmake/Qt6/Qt6Targets.cmake">
			<Option virtualFolder="CMake Files\..\..\Qt\6.2.1\gcc_64\lib\cmake\Qt6\"/>
		</Unit>
		<Unit filename="/home/arcady/GitHub/ws_solution/../../Qt/6.2.1/gcc_64/lib/cmake/Qt6/Qt6VersionlessTargets.cmake">
			<Option virtualFolder="CMake Files\..\..\Qt\6.2.1\gcc_64\lib\cmake\Qt6\"/>
		</Unit>
		<Unit filename="/home/arcady/GitHub/ws_solution/../../Qt/6.2.1/gcc_64/lib/cmake/Qt6/QtFeature.cmake">
			<Option virtualFolder="CMake Files\..\..\Qt\6.2.1\gcc_64\lib\cmake\Qt6\"/>
		</Unit>
		<Unit filename="/home/arcady/GitHub/ws_solution/../../Qt/6.2.1/gcc_64/lib/cmake/Qt6/QtFeatureCommon.cmake">
			<Option virtualFolder="CMake Files\..\..\Qt\6.2.1\gcc_64\lib\cmake\Qt6\"/>
		</Unit>
		<Unit filename="/home/arcady/GitHub/ws_solution/../../Qt/6.2.1/gcc_64/lib/cmake/Qt6/QtPublicCMakeVersionHelpers.cmake">
			<Option virtualFolder="CMake Files\..\..\Qt\6.2.1\gcc_64\lib\cmake\Qt6\"/>
		</Unit>
		<Unit filename="/home/arcady/GitHub/ws_solution/../../Qt/6.2.1/gcc_64/lib/cmake/Qt6/QtPublicDependencyHelpers.cmake">
			<Option virtualFolder="CMake Files\..\..\Qt\6.2.1\gcc_64\lib\cmake\Qt6\"/>
		</Unit>
		<Unit filename="/home/arcady/GitHub/ws_solution/../../Qt/6.2.1/gcc_64/lib/cmake/Qt6/QtPublicFinalizerHelpers.cmake">
			<Option virtualFolder="CMake Files\..\..\Qt\6.2.1\gcc_64\lib\cmake\Qt6\"/>
		</Unit>
		<Unit filename="/home/arcady/GitHub/ws_solution/../../Qt/6.2.1/gcc_64/lib/cmake/Qt6/QtPublicFindPackageHelpers.cmake">
			<Option virtualFolder="CMake Files\..\..\Qt\6.2.1\gcc_64\lib\cmake\Qt6\"/>
		</Unit>
		<Unit filename="/home/arcady/GitHub/ws_solution/../../Qt/6.2.1/gcc_64/lib/cmake/Qt6/QtPublicPluginHelpers.cmake">
			<Option virtualFolder="CMake Files\..\..\Qt\6.2.1\gcc_64\lib\cmake\Qt6\"/>
		</Unit>
		<Unit filename="/home/arcady/GitHub/ws_solution/../../Qt/6.2.1/gcc_64/lib/cmake/Qt6/QtPublicTargetHelpers.cmake">
			<Option virtualFolder="CMake Files\..\..\Qt\6.2.1\gcc_64\lib\cmake\Qt6\"/>
		</Unit>
		<Unit filename="/home/arcady/GitHub/ws_solution/../../Qt/6.2.1/gcc_64/lib/cmake/Qt6/QtPublicWalkLibsHelpers.cmake">
			<Option virtualFolder="CMake Files\..\..\Qt\6.2.1\gcc_64\lib\cmake\Qt6\"/>
		</Unit>
		<Unit filename="/home/arcady/GitHub/ws_solution/../../Qt/6.2.1/gcc_64/lib/cmake/Qt6/3rdparty/kwin/FindXKB.cmake">
			<Option virtualFolder="CMake Files\..\..\Qt\6.2.1\gcc_64\lib\cmake\Qt6\3rdparty\kwin\"/>
		</Unit>
		<Unit filename="/home/arcady/GitHub/ws_solution/../../Qt/6.2.1/gcc_64/lib/cmake/Qt6Core/Qt6CoreAdditionalTargetInfo.cmake">
			<Option virtualFolder="CMake Files\..\..\Qt\6.2.1\gcc_64\lib\cmake\Qt6Core\"/>
		</Unit>
		<Unit filename="/home/arcady/GitHub/ws_solution/../../Qt/6.2.1/gcc_64/lib/cmake/Qt6Core/Qt6CoreConfig.cmake">
			<Option virtualFolder="CMake Files\..\..\Qt\6.2.1\gcc_64\lib\cmake\Qt6Core\"/>
		</Unit>
		<Unit filename="/home/arcady/GitHub/ws_solution/../../Qt/6.2.1/gcc_64/lib/cmake/Qt6Core/Qt6CoreConfigExtras.cmake">
			<Option virtualFolder="CMake Files\..\..\Qt\6.2.1\gcc_64\lib\cmake\Qt6Core\"/>
		</Unit>
		<Unit filename="/home/arcady/GitHub/ws_solution/../../Qt/6.2.1/gcc_64/lib/cmake/Qt6Core/Qt6CoreConfigVersion.cmake">
			<Option virtualFolder="CMake Files\..\..\Qt\6.2.1\gcc_64\lib\cmake\Qt6Core\"/>
		</Unit>
		<Unit filename="/home/arcady/GitHub/ws_solution/../../Qt/6.2.1/gcc_64/lib/cmake/Qt6Core/Qt6CoreDependencies.cmake">
			<Option virtualFolder="CMake Files\..\..\Qt\6.2.1\gcc_64\lib\cmake\Qt6Core\"/>
		</Unit>
		<Unit filename="/home/arcady/GitHub/ws_solution/../../Qt/6.2.1/gcc_64/lib/cmake/Qt6Core/Qt6CoreMacros.cmake">
			<Option virtualFolder="CMake Files\..\..\Qt\6.2.1\gcc_64\lib\cmake\Qt6Core\"/>
		</Unit>
		<Unit filename="/home/arcady/GitHub/ws_solution/../../Qt/6.2.1/gcc_64/lib/cmake/Qt6Core/Qt6CoreTargets-relwithdebinfo.cmake">
			<Option virtualFolder="CMake Files\..\..\Qt\6.2.1\gcc_64\lib\cmake\Qt6Core\"/>
		</Unit>
		<Unit filename="/home/arcady/GitHub/ws_solution/../../Qt/6.2.1/gcc_64/lib/cmake/Qt6Core/Qt6CoreTargets.cmake">
			<Option virtualFolder="CMake Files\..\..\Qt\6.2.1\gcc_64\lib\cmake\Qt6Core\"/>
		</Unit>
		<Unit filename="/home/arcady/GitHub/ws_solution/../../Qt/6.2.1/gcc_64/lib/cmake/Qt6Core/Qt6CoreVersionlessTargets.cmake">
			<Option virtualFolder="CMake Files\..\..\Qt\6.2.1\gcc_64\lib\cmake\Qt6Core\"/>
		</Unit>
		<Unit filename="/home/arcady/GitHub/ws_solution/../../Qt/6.2.1/gcc_64/lib/cmake/Qt6CoreTools/Qt6CoreToolsAdditionalTargetInfo.cmake">
			<Option virtualFolder="CMake Files\..\..\Qt\6.2.1\gcc_64\lib\cmake\Qt6CoreTools\"/>
		</Unit>
		<Unit filename="/home/arcady/GitHub/ws_solution/../../Qt/6.2.1/gcc_64/lib/cmake/Qt6CoreTools/Qt6CoreToolsConfig.cmake">
			<Option virtualFolder="CMake Files\..\..\Qt\6.2.1\gcc_64\lib\cmake\Qt6CoreTools\"/>
		</Unit>
		<Unit filename="/home/arcady/GitHub/ws_solution/../../Qt/6.2.1/gcc_64/lib/cmake/Qt6CoreTools/Qt6CoreToolsConfigVersion.cmake">
			<Option virtualFolder="CMake Files\..\..\Qt\6.2.1\gcc_64\lib\cmake\Qt6CoreTools\"/>
		</Unit>
		<Unit filename="/home/arcady/GitHub/ws_solution/../../Qt/6.2.1/gcc_64/lib/cmake/Qt6CoreTools/Qt6CoreToolsDependencies.cmake">
			<Option virtualFolder="CMake Files\..\..\Qt\6.2.1\gcc_64\lib\cmake\Qt6CoreTools\"/>
		</Unit>
		<Unit filename="/home/arcady/GitHub/ws_solution/../../Qt/6.2.1/gcc_64/lib/cmake/Qt6CoreTools/Qt6CoreToolsTargets-relwithdebinfo.cmake">
			<Option virtualFolder="CMake Files\..\..\Qt\6.2.1\gcc_64\lib\cmake\Qt6CoreTools\"/>
		</Unit>
		<Unit filename="/home/arcady/GitHub/ws_solution/../../Qt/6.2.1/gcc_64/lib/cmake/Qt6CoreTools/Qt6CoreToolsTargets.cmake">
			<Option virtualFolder="CMake Files\..\..\Qt\6.2.1\gcc_64\lib\cmake\Qt6CoreTools\"/>
		</Unit>
		<Unit filename="/home/arcady/GitHub/ws_solution/../../Qt/6.2.1/gcc_64/lib/cmake/Qt6CoreTools/Qt6CoreToolsVersionlessTargets.cmake">
			<Option virtualFolder="CMake Files\..\..\Qt\6.2.1\gcc_64\lib\cmake\Qt6CoreTools\"/>
		</Unit>
		<Unit filename="/home/arcady/GitHub/ws_solution/../../Qt/6.2.1/gcc_64/lib/cmake/Qt6Gui/Qt6GuiAdditionalTargetInfo.cmake">
			<Option virtualFolder="CMake Files\..\..\Qt\6.2.1\gcc_64\lib\cmake\Qt6Gui\"/>
		</Unit>
		<Unit filename="/home/arcady/GitHub/ws_solution/../../Qt/6.2.1/gcc_64/lib/cmake/Qt6Gui/Qt6GuiConfig.cmake">
			<Option virtualFolder="CMake Files\..\..\Qt\6.2.1\gcc_64\lib\cmake\Qt6Gui\"/>
		</Unit>
		<Unit filename="/home/arcady/GitHub/ws_solution/../../Qt/6.2.1/gcc_64/lib/cmake/Qt6Gui/Qt6GuiConfigVersion.cmake">
			<Option virtualFolder="CMake Files\..\..\Qt\6.2.1\gcc_64\lib\cmake\Qt6Gui\"/>
		</Unit>
		<Unit filename="/home/arcady/GitHub/ws_solution/../../Qt/6.2.1/gcc_64/lib/cmake/Qt6Gui/Qt6GuiDependencies.cmake">
			<Option virtualFolder="CMake Files\..\..\Qt\6.2.1\gcc_64\lib\cmake\Qt6Gui\"/>
		</Unit>
		<Unit filename="/home/arcady/GitHub/ws_solution/../../Qt/6.2.1/gcc_64/lib/cmake/Qt6Gui/Qt6GuiTargets-relwithdebinfo.cmake">
			<Option virtualFolder="CMake Files\..\..\Qt\6.2.1\gcc_64\lib\cmake\Qt6Gui\"/>
		</Unit>
		<Unit filename="/home/arcady/GitHub/ws_solution/../../Qt/6.2.1/gcc_64/lib/cmake/Qt6Gui/Qt6GuiTargets.cmake">
			<Option virtualFolder="CMake Files\..\..\Qt\6.2.1\gcc_64\lib\cmake\Qt6Gui\"/>
		</Unit>
		<Unit filename="/home/arcady/GitHub/ws_solution/../../Qt/6.2.1/gcc_64/lib/cmake/Qt6Gui/Qt6GuiVersionlessTargets.cmake">
			<Option virtualFolder="CMake Files\..\..\Qt\6.2.1\gcc_64\lib\cmake\Qt6Gui\"/>
		</Unit>
		<Unit filename="/home/arcady/GitHub/ws_solution/../../Qt/6.2.1/gcc_64/lib/cmake/Qt6GuiTools/Qt6GuiToolsAdditionalTargetInfo.cmake">
			<Option virtualFolder="CMake Files\..\..\Qt\6.2.1\gcc_64\lib\cmake\Qt6GuiTools\"/>
		</Unit>
		<Unit filename="/home/arcady/GitHub/ws_solution/../../Qt/6.2.1/gcc_64/lib/cmake/Qt6GuiTools/Qt6GuiToolsConfig.cmake">
			<Option virtualFolder="CMake Files\..\..\Qt\6.2.1\gcc_64\lib\cmake\Qt6GuiTools\"/>
		</Unit>
		<Unit filename="/home/arcady/GitHub/ws_solution/../../Qt/6.2.1/gcc_64/lib/cmake/Qt6GuiTools/Qt6GuiToolsConfigVersion.cmake">
			<Option virtualFolder="CMake Files\..\..\Qt\6.2.1\gcc_64\lib\cmake\Qt6GuiTools\"/>
		</Unit>
		<Unit filename="/home/arcady/GitHub/ws_solution/../../Qt/6.2.1/gcc_64/lib/cmake/Qt6GuiTools/Qt6GuiToolsDependencies.cmake">
			<Option virtualFolder="CMake Files\..\..\Qt\6.2.1\gcc_64\lib\cmake\Qt6GuiTools\"/>
		</Unit>
		<Unit filename="/home/arcady/GitHub/ws_solution/../../Qt/6.2.1/gcc_64/lib/cmake/Qt6GuiTools/Qt6GuiToolsTargets-relwithdebinfo.cmake">
			<Option virtualFolder="CMake Files\..\..\Qt\6.2.1\gcc_64\lib\cmake\Qt6GuiTools\"/>
		</Unit>
		<Unit filename="/home/arcady/GitHub/ws_solution/../../Qt/6.2.1/gcc_64/lib/cmake/Qt6GuiTools/Qt6GuiToolsTargets.cmake">
			<Option virtualFolder="CMake Files\..\..\Qt\6.2.1\gcc_64\lib\cmake\Qt6GuiTools\"/>
		</Unit>
		<Unit filename="/home/arcady/GitHub/ws_solution/../../Qt/6.2.1/gcc_64/lib/cmake/Qt6GuiTools/Qt6GuiToolsVersionlessTargets.cmake">
			<Option virtualFolder="CMake Files\..\..\Qt\6.2.1\gcc_64\lib\cmake\Qt6GuiTools\"/>
		</Unit>
		<Unit filename="/home/arcady/GitHub/ws_solution/../../Qt/6.2.1/gcc_64/lib/cmake/Qt6Widgets/Qt6WidgetsAdditionalTargetInfo.cmake">
			<Option virtualFolder="CMake Files\..\..\Qt\6.2.1\gcc_64\lib\cmake\Qt6Widgets\"/>
		</Unit>
		<Unit filename="/home/arcady/GitHub/ws_solution/../../Qt/6.2.1/gcc_64/lib/cmake/Qt6Widgets/Qt6WidgetsConfig.cmake">
			<Option virtualFolder="CMake Files\..\..\Qt\6.2.1\gcc_64\lib\cmake\Qt6Widgets\"/>
		</Unit>
		<Unit filename="/home/arcady/GitHub/ws_solution/../../Qt/6.2.1/gcc_64/lib/cmake/Qt6Widgets/Qt6WidgetsConfigVersion.cmake">
			<Option virtualFolder="CMake Files\..\..\Qt\6.2.1\gcc_64\lib\cmake\Qt6Widgets\"/>
		</Unit>
		<Unit filename="/home/arcady/GitHub/ws_solution/../../Qt/6.2.1/gcc_64/lib/cmake/Qt6Widgets/Qt6WidgetsDependencies.cmake">
			<Option virtualFolder="CMake Files\..\..\Qt\6.2.1\gcc_64\lib\cmake\Qt6Widgets\"/>
		</Unit>
		<Unit filename="/home/arcady/GitHub/ws_solution/../../Qt/6.2.1/gcc_64/lib/cmake/Qt6Widgets/Qt6WidgetsMacros.cmake">
			<Option virtualFolder="CMake Files\..\..\Qt\6.2.1\gcc_64\lib\cmake\Qt6Widgets\"/>
		</Unit>
		<Unit filename="/home/arcady/GitHub/ws_solution/../../Qt/6.2.1/gcc_64/lib/cmake/Qt6Widgets/Qt6WidgetsTargets-relwithdebinfo.cmake">
			<Option virtualFolder="CMake Files\..\..\Qt\6.2.1\gcc_64\lib\cmake\Qt6Widgets\"/>
		</Unit>
		<Unit filename="/home/arcady/GitHub/ws_solution/../../Qt/6.2.1/gcc_64/lib/cmake/Qt6Widgets/Qt6WidgetsTargets.cmake">
			<Option virtualFolder="CMake Files\..\..\Qt\6.2.1\gcc_64\lib\cmake\Qt6Widgets\"/>
		</Unit>
		<Unit filename="/home/arcady/GitHub/ws_solution/../../Qt/6.2.1/gcc_64/lib/cmake/Qt6Widgets/Qt6WidgetsVersionlessTargets.cmake">
			<Option virtualFolder="CMake Files\..\..\Qt\6.2.1\gcc_64\lib\cmake\Qt6Widgets\"/>
		</Unit>
		<Unit filename="/home/arcady/GitHub/ws_solution/../../Qt/6.2.1/gcc_64/lib/cmake/Qt6WidgetsTools/Qt6WidgetsToolsAdditionalTargetInfo.cmake">
			<Option virtualFolder="CMake Files\..\..\Qt\6.2.1\gcc_64\lib\cmake\Qt6WidgetsTools\"/>
		</Unit>
		<Unit filename="/home/arcady/GitHub/ws_solution/../../Qt/6.2.1/gcc_64/lib/cmake/Qt6WidgetsTools/Qt6WidgetsToolsConfig.cmake">
			<Option virtualFolder="CMake Files\..\..\Qt\6.2.1\gcc_64\lib\cmake\Qt6WidgetsTools\"/>
		</Unit>
		<Unit filename="/home/arcady/GitHub/ws_solution/../../Qt/6.2.1/gcc_64/lib/cmake/Qt6WidgetsTools/Qt6WidgetsToolsConfigVersion.cmake">
			<Option virtualFolder="CMake Files\..\..\Qt\6.2.1\gcc_64\lib\cmake\Qt6WidgetsTools\"/>
		</Unit>
		<Unit filename="/home/arcady/GitHub/ws_solution/../../Qt/6.2.1/gcc_64/lib/cmake/Qt6WidgetsTools/Qt6WidgetsToolsDependencies.cmake">
			<Option virtualFolder="CMake Files\..\..\Qt\6.2.1\gcc_64\lib\cmake\Qt6WidgetsTools\"/>
		</Unit>
		<Unit filename="/home/arcady/GitHub/ws_solution/../../Qt/6.2.1/gcc_64/lib/cmake/Qt6WidgetsTools/Qt6WidgetsToolsTargets-relwithdebinfo.cmake">
			<Option virtualFolder="CMake Files\..\..\Qt\6.2.1\gcc_64\lib\cmake\Qt6WidgetsTools\"/>
		</Unit>
		<Unit filename="/home/arcady/GitHub/ws_solution/../../Qt/6.2.1/gcc_64/lib/cmake/Qt6WidgetsTools/Qt6WidgetsToolsTargets.cmake">
			<Option virtualFolder="CMake Files\..\..\Qt\6.2.1\gcc_64\lib\cmake\Qt6WidgetsTools\"/>
		</Unit>
		<Unit filename="/home/arcady/GitHub/ws_solution/../../Qt/6.2.1/gcc_64/lib/cmake/Qt6WidgetsTools/Qt6WidgetsToolsVersionlessTargets.cmake">
			<Option virtualFolder="CMake Files\..\..\Qt\6.2.1\gcc_64\lib\cmake\Qt6WidgetsTools\"/>
		</Unit>
		<Unit filename="/home/arcady/GitHub/ws_solution/../../Qt/6.2.1/gcc_64/lib/cmake/Qt6QuickWidgets/Qt6QuickWidgetsAdditionalTargetInfo.cmake">
			<Option virtualFolder="CMake Files\..\..\Qt\6.2.1\gcc_64\lib\cmake\Qt6QuickWidgets\"/>
		</Unit>
		<Unit filename="/home/arcady/GitHub/ws_solution/../../Qt/6.2.1/gcc_64/lib/cmake/Qt6QuickWidgets/Qt6QuickWidgetsConfig.cmake">
			<Option virtualFolder="CMake Files\..\..\Qt\6.2.1\gcc_64\lib\cmake\Qt6QuickWidgets\"/>
		</Unit>
		<Unit filename="/home/arcady/GitHub/ws_solution/../../Qt/6.2.1/gcc_64/lib/cmake/Qt6QuickWidgets/Qt6QuickWidgetsConfigVersion.cmake">
			<Option virtualFolder="CMake Files\..\..\Qt\6.2.1\gcc_64\lib\cmake\Qt6QuickWidgets\"/>
		</Unit>
		<Unit filename="/home/arcady/GitHub/ws_solution/../../Qt/6.2.1/gcc_64/lib/cmake/Qt6QuickWidgets/Qt6QuickWidgetsDependencies.cmake">
			<Option virtualFolder="CMake Files\..\..\Qt\6.2.1\gcc_64\lib\cmake\Qt6QuickWidgets\"/>
		</Unit>
		<Unit filename="/home/arcady/GitHub/ws_solution/../../Qt/6.2.1/gcc_64/lib/cmake/Qt6QuickWidgets/Qt6QuickWidgetsTargets-relwithdebinfo.cmake">
			<Option virtualFolder="CMake Files\..\..\Qt\6.2.1\gcc_64\lib\cmake\Qt6QuickWidgets\"/>
		</Unit>
		<Unit filename="/home/arcady/GitHub/ws_solution/../../Qt/6.2.1/gcc_64/lib/cmake/Qt6QuickWidgets/Qt6QuickWidgetsTargets.cmake">
			<Option virtualFolder="CMake Files\..\..\Qt\6.2.1\gcc_64\lib\cmake\Qt6QuickWidgets\"/>
		</Unit>
		<Unit filename="/home/arcady/GitHub/ws_solution/../../Qt/6.2.1/gcc_64/lib/cmake/Qt6QuickWidgets/Qt6QuickWidgetsVersionlessTargets.cmake">
			<Option virtualFolder="CMake Files\..\..\Qt\6.2.1\gcc_64\lib\cmake\Qt6QuickWidgets\"/>
		</Unit>
		<Unit filename="/home/arcady/GitHub/ws_solution/../../Qt/6.2.1/gcc_64/lib/cmake/Qt6Qml/Qt6QmlAdditionalTargetInfo.cmake">
			<Option virtualFolder="CMake Files\..\..\Qt\6.2.1\gcc_64\lib\cmake\Qt6Qml\"/>
		</Unit>
		<Unit filename="/home/arcady/GitHub/ws_solution/../../Qt/6.2.1/gcc_64/lib/cmake/Qt6Qml/Qt6QmlConfig.cmake">
			<Option virtualFolder="CMake Files\..\..\Qt\6.2.1\gcc_64\lib\cmake\Qt6Qml\"/>
		</Unit>
		<Unit filename="/home/arcady/GitHub/ws_solution/../../Qt/6.2.1/gcc_64/lib/cmake/Qt6Qml/Qt6QmlConfigExtras.cmake">
			<Option virtualFolder="CMake Files\..\..\Qt\6.2.1\gcc_64\lib\cmake\Qt6Qml\"/>
		</Unit>
		<Unit filename="/home/arcady/GitHub/ws_solution/../../Qt/6.2.1/gcc_64/lib/cmake/Qt6Qml/Qt6QmlConfigVersion.cmake">
			<Option virtualFolder="CMake Files\..\..\Qt\6.2.1\gcc_64\lib\cmake\Qt6Qml\"/>
		</Unit>
		<Unit filename="/home/arcady/GitHub/ws_solution/../../Qt/6.2.1/gcc_64/lib/cmake/Qt6Qml/Qt6QmlDependencies.cmake">
			<Option virtualFolder="CMake Files\..\..\Qt\6.2.1\gcc_64\lib\cmake\Qt6Qml\"/>
		</Unit>
		<Unit filename="/home/arcady/GitHub/ws_solution/../../Qt/6.2.1/gcc_64/lib/cmake/Qt6Qml/Qt6QmlFindQmlscInternal.cmake">
			<Option virtualFolder="CMake Files\..\..\Qt\6.2.1\gcc_64\lib\cmake\Qt6Qml\"/>
		</Unit>
		<Unit filename="/home/arcady/GitHub/ws_solution/../../Qt/6.2.1/gcc_64/lib/cmake/Qt6Qml/Qt6QmlMacros.cmake">
			<Option virtualFolder="CMake Files\..\..\Qt\6.2.1\gcc_64\lib\cmake\Qt6Qml\"/>
		</Unit>
		<Unit filename="/home/arcady/GitHub/ws_solution/../../Qt/6.2.1/gcc_64/lib/cmake/Qt6Qml/Qt6QmlTargets-relwithdebinfo.cmake">
			<Option virtualFolder="CMake Files\..\..\Qt\6.2.1\gcc_64\lib\cmake\Qt6Qml\"/>
		</Unit>
		<Unit filename="/home/arcady/GitHub/ws_solution/../../Qt/6.2.1/gcc_64/lib/cmake/Qt6Qml/Qt6QmlTargets.cmake">
			<Option virtualFolder="CMake Files\..\..\Qt\6.2.1\gcc_64\lib\cmake\Qt6Qml\"/>
		</Unit>
		<Unit filename="/home/arcady/GitHub/ws_solution/../../Qt/6.2.1/gcc_64/lib/cmake/Qt6Qml/Qt6QmlVersionlessTargets.cmake">
			<Option virtualFolder="CMake Files\..\..\Qt\6.2.1\gcc_64\lib\cmake\Qt6Qml\"/>
		</Unit>
		<Unit filename="/home/arcady/GitHub/ws_solution/../../Qt/6.2.1/gcc_64/lib/cmake/Qt6QmlTools/Qt6QmlToolsAdditionalTargetInfo.cmake">
			<Option virtualFolder="CMake Files\..\..\Qt\6.2.1\gcc_64\lib\cmake\Qt6QmlTools\"/>
		</Unit>
		<Unit filename="/home/arcady/GitHub/ws_solution/../../Qt/6.2.1/gcc_64/lib/cmake/Qt6QmlTools/Qt6QmlToolsConfig.cmake">
			<Option virtualFolder="CMake Files\..\..\Qt\6.2.1\gcc_64\lib\cmake\Qt6QmlTools\"/>
		</Unit>
		<Unit filename="/home/arcady/GitHub/ws_solution/../../Qt/6.2.1/gcc_64/lib/cmake/Qt6QmlTools/Qt6QmlToolsConfigVersion.cmake">
			<Option virtualFolder="CMake Files\..\..\Qt\6.2.1\gcc_64\lib\cmake\Qt6QmlTools\"/>
		</Unit>
		<Unit filename="/home/arcady/GitHub/ws_solution/../../Qt/6.2.1/gcc_64/lib/cmake/Qt6QmlTools/Qt6QmlToolsDependencies.cmake">
			<Option virtualFolder="CMake Files\..\..\Qt\6.2.1\gcc_64\lib\cmake\Qt6QmlTools\"/>
		</Unit>
		<Unit filename="/home/arcady/GitHub/ws_solution/../../Qt/6.2.1/gcc_64/lib/cmake/Qt6QmlTools/Qt6QmlToolsTargets-relwithdebinfo.cmake">
			<Option virtualFolder="CMake Files\..\..\Qt\6.2.1\gcc_64\lib\cmake\Qt6QmlTools\"/>
		</Unit>
		<Unit filename="/home/arcady/GitHub/ws_solution/../../Qt/6.2.1/gcc_64/lib/cmake/Qt6QmlTools/Qt6QmlToolsTargets.cmake">
			<Option virtualFolder="CMake Files\..\..\Qt\6.2.1\gcc_64\lib\cmake\Qt6QmlTools\"/>
		</Unit>
		<Unit filename="/home/arcady/GitHub/ws_solution/../../Qt/6.2.1/gcc_64/lib/cmake/Qt6QmlTools/Qt6QmlToolsVersionlessTargets.cmake">
			<Option virtualFolder="CMake Files\..\..\Qt\6.2.1\gcc_64\lib\cmake\Qt6QmlTools\"/>
		</Unit>
		<Unit filename="/home/arcady/GitHub/ws_solution/../../Qt/6.2.1/gcc_64/lib/cmake/Qt6Network/Qt6NetworkAdditionalTargetInfo.cmake">
			<Option virtualFolder="CMake Files\..\..\Qt\6.2.1\gcc_64\lib\cmake\Qt6Network\"/>
		</Unit>
		<Unit filename="/home/arcady/GitHub/ws_solution/../../Qt/6.2.1/gcc_64/lib/cmake/Qt6Network/Qt6NetworkConfig.cmake">
			<Option virtualFolder="CMake Files\..\..\Qt\6.2.1\gcc_64\lib\cmake\Qt6Network\"/>
		</Unit>
		<Unit filename="/home/arcady/GitHub/ws_solution/../../Qt/6.2.1/gcc_64/lib/cmake/Qt6Network/Qt6NetworkConfigVersion.cmake">
			<Option virtualFolder="CMake Files\..\..\Qt\6.2.1\gcc_64\lib\cmake\Qt6Network\"/>
		</Unit>
		<Unit filename="/home/arcady/GitHub/ws_solution/../../Qt/6.2.1/gcc_64/lib/cmake/Qt6Network/Qt6NetworkDependencies.cmake">
			<Option virtualFolder="CMake Files\..\..\Qt\6.2.1\gcc_64\lib\cmake\Qt6Network\"/>
		</Unit>
		<Unit filename="/home/arcady/GitHub/ws_solution/../../Qt/6.2.1/gcc_64/lib/cmake/Qt6Network/Qt6NetworkTargets-relwithdebinfo.cmake">
			<Option virtualFolder="CMake Files\..\..\Qt\6.2.1\gcc_64\lib\cmake\Qt6Network\"/>
		</Unit>
		<Unit filename="/home/arcady/GitHub/ws_solution/../../Qt/6.2.1/gcc_64/lib/cmake/Qt6Network/Qt6NetworkTargets.cmake">
			<Option virtualFolder="CMake Files\..\..\Qt\6.2.1\gcc_64\lib\cmake\Qt6Network\"/>
		</Unit>
		<Unit filename="/home/arcady/GitHub/ws_solution/../../Qt/6.2.1/gcc_64/lib/cmake/Qt6Network/Qt6NetworkVersionlessTargets.cmake">
			<Option virtualFolder="CMake Files\..\..\Qt\6.2.1\gcc_64\lib\cmake\Qt6Network\"/>
		</Unit>
		<Unit filename="/home/arcady/GitHub/ws_solution/../../Qt/6.2.1/gcc_64/lib/cmake/Qt6Quick/Qt6QuickAdditionalTargetInfo.cmake">
			<Option virtualFolder="CMake Files\..\..\Qt\6.2.1\gcc_64\lib\cmake\Qt6Quick\"/>
		</Unit>
		<Unit filename="/home/arcady/GitHub/ws_solution/../../Qt/6.2.1/gcc_64/lib/cmake/Qt6Quick/Qt6QuickConfig.cmake">
			<Option virtualFolder="CMake Files\..\..\Qt\6.2.1\gcc_64\lib\cmake\Qt6Quick\"/>
		</Unit>
		<Unit filename="/home/arcady/GitHub/ws_solution/../../Qt/6.2.1/gcc_64/lib/cmake/Qt6Quick/Qt6QuickConfigVersion.cmake">
			<Option virtualFolder="CMake Files\..\..\Qt\6.2.1\gcc_64\lib\cmake\Qt6Quick\"/>
		</Unit>
		<Unit filename="/home/arcady/GitHub/ws_solution/../../Qt/6.2.1/gcc_64/lib/cmake/Qt6Quick/Qt6QuickDependencies.cmake">
			<Option virtualFolder="CMake Files\..\..\Qt\6.2.1\gcc_64\lib\cmake\Qt6Quick\"/>
		</Unit>
		<Unit filename="/home/arcady/GitHub/ws_solution/../../Qt/6.2.1/gcc_64/lib/cmake/Qt6Quick/Qt6QuickTargets-relwithdebinfo.cmake">
			<Option virtualFolder="CMake Files\..\..\Qt\6.2.1\gcc_64\lib\cmake\Qt6Quick\"/>
		</Unit>
		<Unit filename="/home/arcady/GitHub/ws_solution/../../Qt/6.2.1/gcc_64/lib/cmake/Qt6Quick/Qt6QuickTargets.cmake">
			<Option virtualFolder="CMake Files\..\..\Qt\6.2.1\gcc_64\lib\cmake\Qt6Quick\"/>
		</Unit>
		<Unit filename="/home/arcady/GitHub/ws_solution/../../Qt/6.2.1/gcc_64/lib/cmake/Qt6Quick/Qt6QuickVersionlessTargets.cmake">
			<Option virtualFolder="CMake Files\..\..\Qt\6.2.1\gcc_64\lib\cmake\Qt6Quick\"/>
		</Unit>
		<Unit filename="/home/arcady/GitHub/ws_solution/../../Qt/6.2.1/gcc_64/lib/cmake/Qt6QmlModels/Qt6QmlModelsAdditionalTargetInfo.cmake">
			<Option virtualFolder="CMake Files\..\..\Qt\6.2.1\gcc_64\lib\cmake\Qt6QmlModels\"/>
		</Unit>
		<Unit filename="/home/arcady/GitHub/ws_solution/../../Qt/6.2.1/gcc_64/lib/cmake/Qt6QmlModels/Qt6QmlModelsConfig.cmake">
			<Option virtualFolder="CMake Files\..\..\Qt\6.2.1\gcc_64\lib\cmake\Qt6QmlModels\"/>
		</Unit>
		<Unit filename="/home/arcady/GitHub/ws_solution/../../Qt/6.2.1/gcc_64/lib/cmake/Qt6QmlModels/Qt6QmlModelsConfigVersion.cmake">
			<Option virtualFolder="CMake Files\..\..\Qt\6.2.1\gcc_64\lib\cmake\Qt6QmlModels\"/>
		</Unit>
		<Unit filename="/home/arcady/GitHub/ws_solution/../../Qt/6.2.1/gcc_64/lib/cmake/Qt6QmlModels/Qt6QmlModelsDependencies.cmake">
			<Option virtualFolder="CMake Files\..\..\Qt\6.2.1\gcc_64\lib\cmake\Qt6QmlModels\"/>
		</Unit>
		<Unit filename="/home/arcady/GitHub/ws_solution/../../Qt/6.2.1/gcc_64/lib/cmake/Qt6QmlModels/Qt6QmlModelsTargets-relwithdebinfo.cmake">
			<Option virtualFolder="CMake Files\..\..\Qt\6.2.1\gcc_64\lib\cmake\Qt6QmlModels\"/>
		</Unit>
		<Unit filename="/home/arcady/GitHub/ws_solution/../../Qt/6.2.1/gcc_64/lib/cmake/Qt6QmlModels/Qt6QmlModelsTargets.cmake">
			<Option virtualFolder="CMake Files\..\..\Qt\6.2.1\gcc_64\lib\cmake\Qt6QmlModels\"/>
		</Unit>
		<Unit filename="/home/arcady/GitHub/ws_solution/../../Qt/6.2.1/gcc_64/lib/cmake/Qt6QmlModels/Qt6QmlModelsVersionlessTargets.cmake">
			<Option virtualFolder="CMake Files\..\..\Qt\6.2.1\gcc_64\lib\cmake\Qt6QmlModels\"/>
		</Unit>
		<Unit filename="/home/arcady/GitHub/ws_solution/../../Qt/6.2.1/gcc_64/lib/cmake/Qt6OpenGL/Qt6OpenGLAdditionalTargetInfo.cmake">
			<Option virtualFolder="CMake Files\..\..\Qt\6.2.1\gcc_64\lib\cmake\Qt6OpenGL\"/>
		</Unit>
		<Unit filename="/home/arcady/GitHub/ws_solution/../../Qt/6.2.1/gcc_64/lib/cmake/Qt6OpenGL/Qt6OpenGLConfig.cmake">
			<Option virtualFolder="CMake Files\..\..\Qt\6.2.1\gcc_64\lib\cmake\Qt6OpenGL\"/>
		</Unit>
		<Unit filename="/home/arcady/GitHub/ws_solution/../../Qt/6.2.1/gcc_64/lib/cmake/Qt6OpenGL/Qt6OpenGLConfigVersion.cmake">
			<Option virtualFolder="CMake Files\..\..\Qt\6.2.1\gcc_64\lib\cmake\Qt6OpenGL\"/>
		</Unit>
		<Unit filename="/home/arcady/GitHub/ws_solution/../../Qt/6.2.1/gcc_64/lib/cmake/Qt6OpenGL/Qt6OpenGLDependencies.cmake">
			<Option virtualFolder="CMake Files\..\..\Qt\6.2.1\gcc_64\lib\cmake\Qt6OpenGL\"/>
		</Unit>
		<Unit filename="/home/arcady/GitHub/ws_solution/../../Qt/6.2.1/gcc_64/lib/cmake/Qt6OpenGL/Qt6OpenGLTargets-relwithdebinfo.cmake">
			<Option virtualFolder="CMake Files\..\..\Qt\6.2.1\gcc_64\lib\cmake\Qt6OpenGL\"/>
		</Unit>
		<Unit filename="/home/arcady/GitHub/ws_solution/../../Qt/6.2.1/gcc_64/lib/cmake/Qt6OpenGL/Qt6OpenGLTargets.cmake">
			<Option virtualFolder="CMake Files\..\..\Qt\6.2.1\gcc_64\lib\cmake\Qt6OpenGL\"/>
		</Unit>
		<Unit filename="/home/arcady/GitHub/ws_solution/../../Qt/6.2.1/gcc_64/lib/cmake/Qt6OpenGL/Qt6OpenGLVersionlessTargets.cmake">
			<Option virtualFolder="CMake Files\..\..\Qt\6.2.1\gcc_64\lib\cmake\Qt6OpenGL\"/>
		</Unit>
		<Unit filename="/home/arcady/GitHub/ws_solution/../../Qt/6.2.1/gcc_64/lib/cmake/Qt6QuickControls2/Qt6QuickControls2AdditionalTargetInfo.cmake">
			<Option virtualFolder="CMake Files\..\..\Qt\6.2.1\gcc_64\lib\cmake\Qt6QuickControls2\"/>
		</Unit>
		<Unit filename="/home/arcady/GitHub/ws_solution/../../Qt/6.2.1/gcc_64/lib/cmake/Qt6QuickControls2/Qt6QuickControls2Config.cmake">
			<Option virtualFolder="CMake Files\..\..\Qt\6.2.1\gcc_64\lib\cmake\Qt6QuickControls2\"/>
		</Unit>
		<Unit filename="/home/arcady/GitHub/ws_solution/../../Qt/6.2.1/gcc_64/lib/cmake/Qt6QuickControls2/Qt6QuickControls2ConfigVersion.cmake">
			<Option virtualFolder="CMake Files\..\..\Qt\6.2.1\gcc_64\lib\cmake\Qt6QuickControls2\"/>
		</Unit>
		<Unit filename="/home/arcady/GitHub/ws_solution/../../Qt/6.2.1/gcc_64/lib/cmake/Qt6QuickControls2/Qt6QuickControls2Dependencies.cmake">
			<Option virtualFolder="CMake Files\..\..\Qt\6.2.1\gcc_64\lib\cmake\Qt6QuickControls2\"/>
		</Unit>
		<Unit filename="/home/arcady/GitHub/ws_solution/../../Qt/6.2.1/gcc_64/lib/cmake/Qt6QuickControls2/Qt6QuickControls2Targets-relwithdebinfo.cmake">
			<Option virtualFolder="CMake Files\..\..\Qt\6.2.1\gcc_64\lib\cmake\Qt6QuickControls2\"/>
		</Unit>
		<Unit filename="/home/arcady/GitHub/ws_solution/../../Qt/6.2.1/gcc_64/lib/cmake/Qt6QuickControls2/Qt6QuickControls2Targets.cmake">
			<Option virtualFolder="CMake Files\..\..\Qt\6.2.1\gcc_64\lib\cmake\Qt6QuickControls2\"/>
		</Unit>
		<Unit filename="/home/arcady/GitHub/ws_solution/../../Qt/6.2.1/gcc_64/lib/cmake/Qt6QuickControls2/Qt6QuickControls2VersionlessTargets.cmake">
			<Option virtualFolder="CMake Files\..\..\Qt\6.2.1\gcc_64\lib\cmake\Qt6QuickControls2\"/>
		</Unit>
		<Unit filename="/home/arcady/GitHub/ws_solution/tests/TabBox/TabBox/CMakeLists.txt">
			<Option virtualFolder="CMake Files\tests\TabBox\TabBox\"/>
		</Unit>
		<Unit filename="/home/arcady/GitHub/ws_solution/tests/TabBox/TabBox/qml.qrc">
			<Option virtualFolder="CMake Files\tests\TabBox\TabBox\"/>
		</Unit>
		<Unit filename="/home/arcady/GitHub/ws_solution/tests/ws_chat_qt/ws_chat_qt/CMakeLists.txt">
			<Option virtualFolder="CMake Files\tests\ws_chat_qt\ws_chat_qt\"/>
		</Unit>
		<Unit filename="/home/arcady/GitHub/ws_solution/tests/ws_chat_qt/ws_chat_qt/res.qrc">
			<Option virtualFolder="CMake Files\tests\ws_chat_qt\ws_chat_qt\"/>
		</Unit>
		<Unit filename="/home/arcady/GitHub/ws_solution/tests/material/untitled/CMakeLists.txt">
			<Option virtualFolder="CMake Files\tests\material\untitled\"/>
		</Unit>
		<Unit filename="/home/arcady/GitHub/ws_solution/tests/material/untitled/qml.qrc">
			<Option virtualFolder="CMake Files\tests\material\untitled\"/>
		</Unit>
		<Unit filename="/home/arcady/GitHub/ws_solution/ws_admin_qt/ws_admin_qt/CMakeLists.txt">
			<Option virtualFolder="CMake Files\ws_admin_qt\ws_admin_qt\"/>
		</Unit>
		<Unit filename="/home/arcady/GitHub/ws_solution/ws_admin_qt/ws_admin_qt/resourse.qrc">
			<Option virtualFolder="CMake Files\ws_admin_qt\ws_admin_qt\"/>
		</Unit>
		<Unit filename="/home/arcady/GitHub/ws_solution/ws_client/CMakeLists.txt">
			<Option virtualFolder="CMake Files\ws_client\"/>
		</Unit>
		<Unit filename="/home/arcady/GitHub/ws_solution/ws_client_console/CMakeLists.txt">
			<Option virtualFolder="CMake Files\ws_client_console\"/>
		</Unit>
		<Unit filename="/home/arcady/GitHub/ws_solution/ws_drv/CMakeLists.txt">
			<Option virtualFolder="CMake Files\ws_drv\"/>
		</Unit>
		<Unit filename="/home/arcady/GitHub/ws_solution/ws_client_qml/ws_gclient/CMakeLists.txt">
			<Option virtualFolder="CMake Files\ws_client_qml\ws_gclient\"/>
		</Unit>
		<Unit filename="/home/arcady/GitHub/ws_solution/ws_client_qml/ws_gclient/qml.qrc">
			<Option virtualFolder="CMake Files\ws_client_qml\ws_gclient\"/>
		</Unit>
		<Unit filename="/home/arcady/GitHub/ws_solution/ws_server/CMakeLists.txt">
			<Option virtualFolder="CMake Files\ws_server\"/>
		</Unit>
		<Unit filename="/home/arcady/GitHub/ws_solution/ws_systray/CMakeLists.txt">
			<Option virtualFolder="CMake Files\ws_systray\"/>
		</Unit>
		<Unit filename="/home/arcady/GitHub/ws_solution/ws_systray/systray.qrc">
			<Option virtualFolder="CMake Files\ws_systray\"/>
		</Unit>
	</Project>
</CodeBlocks_project_file>
